
Microsoft Visual Studio Solution File, Format Version 12.00
# Visual Studio Version 17
VisualStudioVersion = 17.8.34511.84
MinimumVisualStudioVersion = 10.0.40219.1
Project("{FAE04EC0-301F-11D3-BF4B-00C04F79EFBC}") = "RepositoryPattern", "RepositoryPattern\RepositoryPattern.csproj", "{DB8127AC-09D1-4F7B-A26A-0DF4C85250D0}"
EndProject
Global
	GlobalSection(SolutionConfigurationPlatforms) = preSolution
		Debug|Any CPU = Debug|Any CPU
		Release|Any CPU = Release|Any CPU
	EndGlobalSection
	GlobalSection(ProjectConfigurationPlatforms) = postSolution
		{DB8127AC-09D1-4F7B-A26A-0DF4C85250D0}.Debug|Any CPU.ActiveCfg = Debug|Any CPU
		{DB8127AC-09D1-4F7B-A26A-0DF4C85250D0}.Debug|Any CPU.Build.0 = Debug|Any CPU
		{DB8127AC-09D1-4F7B-A26A-0DF4C85250D0}.Release|Any CPU.ActiveCfg = Release|Any CPU
		{DB8127AC-09D1-4F7B-A26A-0DF4C85250D0}.Release|Any CPU.Build.0 = Release|Any CPU
	EndGlobalSection
	GlobalSection(SolutionProperties) = preSolution
		HideSolutionNode = FALSE
	EndGlobalSection
	GlobalSection(ExtensibilityGlobals) = postSolution
		SolutionGuid = {015722CE-1F2E-4241-A601-5A79635F3BB9}
	EndGlobalSection
EndGlobal
